
Microsoft Visual Studio Solution File, Format Version 12.00
Project("{FAE04EC0-301F-11D3-BF4B-00C04F79EFBC}") = "FSM.Core", "FSM.Core\FSM.Core.csproj", "{C8B9572A-BB23-42E8-B715-8AB5B0FC896C}"
EndProject
Global
	GlobalSection(SolutionConfigurationPlatforms) = preSolution
		Debug|Any CPU = Debug|Any CPU
		Release|Any CPU = Release|Any CPU
	EndGlobalSection
	GlobalSection(ProjectConfigurationPlatforms) = postSolution
		{C8B9572A-BB23-42E8-B715-8AB5B0FC896C}.Debug|Any CPU.ActiveCfg = Debug|Any CPU
		{C8B9572A-BB23-42E8-B715-8AB5B0FC896C}.Debug|Any CPU.Build.0 = Debug|Any CPU
		{C8B9572A-BB23-42E8-B715-8AB5B0FC896C}.Release|Any CPU.ActiveCfg = Release|Any CPU
		{C8B9572A-BB23-42E8-B715-8AB5B0FC896C}.Release|Any CPU.Build.0 = Release|Any CPU
	EndGlobalSection
EndGlobal
